
Microsoft Visual Studio Solution File, Format Version 12.00
# Visual Studio 15
VisualStudioVersion = 15.0.26730.16
MinimumVisualStudioVersion = 10.0.40219.1
Project("{8BC9CEB8-8B4A-11D0-8D11-00A0C91BC942}") = "test1", "test1\test1.vcxproj", "{7DDB3D8F-20A7-4626-940B-3F1D9311422D}"
EndProject
Global
	GlobalSection(SolutionConfigurationPlatforms) = preSolution
		Debug|x64 = Debug|x64
		Debug|x86 = Debug|x86
		Release|x64 = Release|x64
		Release|x86 = Release|x86
	EndGlobalSection
	GlobalSection(ProjectConfigurationPlatforms) = postSolution
		{7DDB3D8F-20A7-4626-940B-3F1D9311422D}.Debug|x64.ActiveCfg = Debug|x64
		{7DDB3D8F-20A7-4626-940B-3F1D9311422D}.Debug|x64.Build.0 = Debug|x64
		{7DDB3D8F-20A7-4626-940B-3F1D9311422D}.Debug|x86.ActiveCfg = Debug|Win32
		{7DDB3D8F-20A7-4626-940B-3F1D9311422D}.Debug|x86.Build.0 = Debug|Win32
		{7DDB3D8F-20A7-4626-940B-3F1D9311422D}.Release|x64.ActiveCfg = Release|x64
		{7DDB3D8F-20A7-4626-940B-3F1D9311422D}.Release|x64.Build.0 = Release|x64
		{7DDB3D8F-20A7-4626-940B-3F1D9311422D}.Release|x86.ActiveCfg = Release|Win32
		{7DDB3D8F-20A7-4626-940B-3F1D9311422D}.Release|x86.Build.0 = Release|Win32
	EndGlobalSection
	GlobalSection(SolutionProperties) = preSolution
		HideSolutionNode = FALSE
	EndGlobalSection
	GlobalSection(ExtensibilityGlobals) = postSolution
		SolutionGuid = {DBA4DD80-F980-461A-B8ED-814DCDDD9DA4}
	EndGlobalSection
EndGlobal
